
Microsoft Visual Studio Solution File, Format Version 12.00
# Visual Studio Version 17
VisualStudioVersion = 17.9.34607.119
MinimumVisualStudioVersion = 10.0.40219.1
Project("{FAE04EC0-301F-11D3-BF4B-00C04F79EFBC}") = "BinaryStringAnalysis", "BinaryStringAnalysis\BinaryStringAnalysis.csproj", "{AA60CBEC-BAFA-4A89-8444-70BE1B872E34}"
EndProject
Global
	GlobalSection(SolutionConfigurationPlatforms) = preSolution
		Debug|Any CPU = Debug|Any CPU
		Release|Any CPU = Release|Any CPU
	EndGlobalSection
	GlobalSection(ProjectConfigurationPlatforms) = postSolution
		{AA60CBEC-BAFA-4A89-8444-70BE1B872E34}.Debug|Any CPU.ActiveCfg = Debug|Any CPU
		{AA60CBEC-BAFA-4A89-8444-70BE1B872E34}.Debug|Any CPU.Build.0 = Debug|Any CPU
		{AA60CBEC-BAFA-4A89-8444-70BE1B872E34}.Release|Any CPU.ActiveCfg = Release|Any CPU
		{AA60CBEC-BAFA-4A89-8444-70BE1B872E34}.Release|Any CPU.Build.0 = Release|Any CPU
	EndGlobalSection
	GlobalSection(SolutionProperties) = preSolution
		HideSolutionNode = FALSE
	EndGlobalSection
	GlobalSection(ExtensibilityGlobals) = postSolution
		SolutionGuid = {3139EE85-5EEF-40A3-B090-6CB9F0B62F6A}
	EndGlobalSection
EndGlobal
